
Microsoft Visual Studio Solution File, Format Version 12.00
# Visual Studio Version 16
VisualStudioVersion = 16.0.30621.155
MinimumVisualStudioVersion = 10.0.40219.1
Project("{9A19103F-16F7-4668-BE54-9A1E7A4F7556}") = "SteamModelsDotNetCore", "src\SteamModelsDotNetCore\SteamModelsDotNetCore.csproj", "{876CE353-6663-400A-BC85-E1E1C4B06EAD}"
EndProject
Global
	GlobalSection(SolutionConfigurationPlatforms) = preSolution
		Debug|Any CPU = Debug|Any CPU
		Release|Any CPU = Release|Any CPU
	EndGlobalSection
	GlobalSection(ProjectConfigurationPlatforms) = postSolution
		{876CE353-6663-400A-BC85-E1E1C4B06EAD}.Debug|Any CPU.ActiveCfg = Debug|Any CPU
		{876CE353-6663-400A-BC85-E1E1C4B06EAD}.Debug|Any CPU.Build.0 = Debug|Any CPU
		{876CE353-6663-400A-BC85-E1E1C4B06EAD}.Release|Any CPU.ActiveCfg = Release|Any CPU
		{876CE353-6663-400A-BC85-E1E1C4B06EAD}.Release|Any CPU.Build.0 = Release|Any CPU
	EndGlobalSection
	GlobalSection(SolutionProperties) = preSolution
		HideSolutionNode = FALSE
	EndGlobalSection
	GlobalSection(ExtensibilityGlobals) = postSolution
		SolutionGuid = {38C8D5EA-A16E-4FF3-BAE7-E8B312086D73}
	EndGlobalSection
EndGlobal
