
Microsoft Visual Studio Solution File, Format Version 12.00
# Visual Studio Version 16
VisualStudioVersion = 16.0.30621.155
MinimumVisualStudioVersion = 10.0.40219.1
Project("{9A19103F-16F7-4668-BE54-9A1E7A4F7556}") = "SteamModels", "src\SteamModels.csproj", "{EEB8CECC-99E4-4125-AF47-4FF9539ACF2A}"
EndProject
Project("{2150E333-8FDC-42A3-9474-1A3956D46DE8}") = "tests", "tests", "{0AB3BF05-4346-4AA6-1389-037BE0695223}"
EndProject
Project("{FAE04EC0-301F-11D3-BF4B-00C04F79EFBC}") = "SteamModels.Tests", "tests\SteamModels.Tests\SteamModels.Tests.csproj", "{E1FD8A8D-2C5C-40A5-888A-AA8929036491}"
EndProject
Project("{2150E333-8FDC-42A3-9474-1A3956D46DE8}") = "src", "src", "{827E0CD3-B72D-47B6-A68D-7590B98EB39B}"
EndProject
Global
	GlobalSection(SolutionConfigurationPlatforms) = preSolution
		Debug|Any CPU = Debug|Any CPU
		Debug|x64 = Debug|x64
		Debug|x86 = Debug|x86
		Release|Any CPU = Release|Any CPU
		Release|x64 = Release|x64
		Release|x86 = Release|x86
	EndGlobalSection
	GlobalSection(ProjectConfigurationPlatforms) = postSolution
		{EEB8CECC-99E4-4125-AF47-4FF9539ACF2A}.Debug|Any CPU.ActiveCfg = Debug|Any CPU
		{EEB8CECC-99E4-4125-AF47-4FF9539ACF2A}.Debug|Any CPU.Build.0 = Debug|Any CPU
		{EEB8CECC-99E4-4125-AF47-4FF9539ACF2A}.Debug|x64.ActiveCfg = Debug|Any CPU
		{EEB8CECC-99E4-4125-AF47-4FF9539ACF2A}.Debug|x64.Build.0 = Debug|Any CPU
		{EEB8CECC-99E4-4125-AF47-4FF9539ACF2A}.Debug|x86.ActiveCfg = Debug|Any CPU
		{EEB8CECC-99E4-4125-AF47-4FF9539ACF2A}.Debug|x86.Build.0 = Debug|Any CPU
		{EEB8CECC-99E4-4125-AF47-4FF9539ACF2A}.Release|Any CPU.ActiveCfg = Release|Any CPU
		{EEB8CECC-99E4-4125-AF47-4FF9539ACF2A}.Release|Any CPU.Build.0 = Release|Any CPU
		{EEB8CECC-99E4-4125-AF47-4FF9539ACF2A}.Release|x64.ActiveCfg = Release|Any CPU
		{EEB8CECC-99E4-4125-AF47-4FF9539ACF2A}.Release|x64.Build.0 = Release|Any CPU
		{EEB8CECC-99E4-4125-AF47-4FF9539ACF2A}.Release|x86.ActiveCfg = Release|Any CPU
		{EEB8CECC-99E4-4125-AF47-4FF9539ACF2A}.Release|x86.Build.0 = Release|Any CPU
		{E1FD8A8D-2C5C-40A5-888A-AA8929036491}.Debug|Any CPU.ActiveCfg = Debug|Any CPU
		{E1FD8A8D-2C5C-40A5-888A-AA8929036491}.Debug|Any CPU.Build.0 = Debug|Any CPU
		{E1FD8A8D-2C5C-40A5-888A-AA8929036491}.Debug|x64.ActiveCfg = Debug|Any CPU
		{E1FD8A8D-2C5C-40A5-888A-AA8929036491}.Debug|x64.Build.0 = Debug|Any CPU
		{E1FD8A8D-2C5C-40A5-888A-AA8929036491}.Debug|x86.ActiveCfg = Debug|Any CPU
		{E1FD8A8D-2C5C-40A5-888A-AA8929036491}.Debug|x86.Build.0 = Debug|Any CPU
		{E1FD8A8D-2C5C-40A5-888A-AA8929036491}.Release|Any CPU.ActiveCfg = Release|Any CPU
		{E1FD8A8D-2C5C-40A5-888A-AA8929036491}.Release|Any CPU.Build.0 = Release|Any CPU
		{E1FD8A8D-2C5C-40A5-888A-AA8929036491}.Release|x64.ActiveCfg = Release|Any CPU
		{E1FD8A8D-2C5C-40A5-888A-AA8929036491}.Release|x64.Build.0 = Release|Any CPU
		{E1FD8A8D-2C5C-40A5-888A-AA8929036491}.Release|x86.ActiveCfg = Release|Any CPU
		{E1FD8A8D-2C5C-40A5-888A-AA8929036491}.Release|x86.Build.0 = Release|Any CPU
	EndGlobalSection
	GlobalSection(SolutionProperties) = preSolution
		HideSolutionNode = FALSE
	EndGlobalSection
	GlobalSection(NestedProjects) = preSolution
		{E1FD8A8D-2C5C-40A5-888A-AA8929036491} = {0AB3BF05-4346-4AA6-1389-037BE0695223}
	EndGlobalSection
	GlobalSection(ExtensibilityGlobals) = postSolution
		SolutionGuid = {38C8D5EA-A16E-4FF3-BAE7-E8B312086D73}
	EndGlobalSection
EndGlobal
